
Microsoft Visual Studio Solution File, Format Version 12.00
# Visual Studio 15
VisualStudioVersion = 15.0.27428.2037
MinimumVisualStudioVersion = 10.0.40219.1
Project("{FAE04EC0-301F-11D3-BF4B-00C04F79EFBC}") = "CollectionsDz", "CollectionsDz\CollectionsDz.csproj", "{94F126C4-07EA-420A-A46C-D9FF33470BC3}"
EndProject
Project("{FAE04EC0-301F-11D3-BF4B-00C04F79EFBC}") = "Col", "Col\Col.csproj", "{80D35E87-E6E5-4E42-8ACF-18A34803DA90}"
EndProject
Global
	GlobalSection(SolutionConfigurationPlatforms) = preSolution
		Debug|Any CPU = Debug|Any CPU
		Release|Any CPU = Release|Any CPU
	EndGlobalSection
	GlobalSection(ProjectConfigurationPlatforms) = postSolution
		{94F126C4-07EA-420A-A46C-D9FF33470BC3}.Debug|Any CPU.ActiveCfg = Debug|Any CPU
		{94F126C4-07EA-420A-A46C-D9FF33470BC3}.Debug|Any CPU.Build.0 = Debug|Any CPU
		{94F126C4-07EA-420A-A46C-D9FF33470BC3}.Release|Any CPU.ActiveCfg = Release|Any CPU
		{94F126C4-07EA-420A-A46C-D9FF33470BC3}.Release|Any CPU.Build.0 = Release|Any CPU
		{80D35E87-E6E5-4E42-8ACF-18A34803DA90}.Debug|Any CPU.ActiveCfg = Debug|Any CPU
		{80D35E87-E6E5-4E42-8ACF-18A34803DA90}.Debug|Any CPU.Build.0 = Debug|Any CPU
		{80D35E87-E6E5-4E42-8ACF-18A34803DA90}.Release|Any CPU.ActiveCfg = Release|Any CPU
		{80D35E87-E6E5-4E42-8ACF-18A34803DA90}.Release|Any CPU.Build.0 = Release|Any CPU
	EndGlobalSection
	GlobalSection(SolutionProperties) = preSolution
		HideSolutionNode = FALSE
	EndGlobalSection
	GlobalSection(ExtensibilityGlobals) = postSolution
		SolutionGuid = {F59A9A90-19D8-4998-84AF-8BAF4B05D949}
	EndGlobalSection
EndGlobal
